// !$*UTF8*$!
{
	archiveVersion = 1;
	classes = {
	};
	objectVersion = 48;
	objects = {

/* Begin PBXBuildFile section */
		A149BBB424B6055800079E9E /* Costs.storyboard in Resources */ = {isa = PBXBuildFile; fileRef = A149BBB324B6055800079E9E /* Costs.storyboard */; };
		A149BBB624B6058100079E9E /* TestCostsViewController.swift in Sources */ = {isa = PBXBuildFile; fileRef = A149BBB524B6058100079E9E /* TestCostsViewController.swift */; };
		A170EB8024B5E0460010CDDD /* AppDelegate.swift in Sources */ = {isa = PBXBuildFile; fileRef = A170EB7F24B5E0460010CDDD /* AppDelegate.swift */; };
		A170EB8224B5E0460010CDDD /* SceneDelegate.swift in Sources */ = {isa = PBXBuildFile; fileRef = A170EB8124B5E0460010CDDD /* SceneDelegate.swift */; };
		A170EB8924B5E0470010CDDD /* Assets.xcassets in Resources */ = {isa = PBXBuildFile; fileRef = A170EB8824B5E0470010CDDD /* Assets.xcassets */; };
		A170EB8C24B5E0470010CDDD /* LaunchScreen.storyboard in Resources */ = {isa = PBXBuildFile; fileRef = A170EB8A24B5E0470010CDDD /* LaunchScreen.storyboard */; };
		A1D4D6B324B729E400BB5CEE /* CostTableViewCell.swift in Sources */ = {isa = PBXBuildFile; fileRef = A1D4D6B224B729E400BB5CEE /* CostTableViewCell.swift */; };
		A1F6DBF324BEF3A00071AC99 /* Main.storyboard in Resources */ = {isa = PBXBuildFile; fileRef = A1F6DBF224BEF3A00071AC99 /* Main.storyboard */; };
		B0192D4024C186F70021DD4D /* Story.storyboard in Resources */ = {isa = PBXBuildFile; fileRef = B0192D3824C186F70021DD4D /* Story.storyboard */; };
		B0192D4224C186F70021DD4D /* HomeViewController.swift in Sources */ = {isa = PBXBuildFile; fileRef = B0192D3A24C186F70021DD4D /* HomeViewController.swift */; };
		B0192D4324C186F70021DD4D /* StoryCollectionViewCell.swift in Sources */ = {isa = PBXBuildFile; fileRef = B0192D3B24C186F70021DD4D /* StoryCollectionViewCell.swift */; };
		B0192D4424C186F70021DD4D /* PreViewController.swift in Sources */ = {isa = PBXBuildFile; fileRef = B0192D3C24C186F70021DD4D /* PreViewController.swift */; };
		B0192D4524C186F70021DD4D /* StoryDetailsData.swift in Sources */ = {isa = PBXBuildFile; fileRef = B0192D3D24C186F70021DD4D /* StoryDetailsData.swift */; };
		B0192D4624C186F70021DD4D /* ContentViewController.swift in Sources */ = {isa = PBXBuildFile; fileRef = B0192D3E24C186F70021DD4D /* ContentViewController.swift */; };
		B0192D4724C186F70021DD4D /* SegmentedProgressBar.swift in Sources */ = {isa = PBXBuildFile; fileRef = B0192D3F24C186F70021DD4D /* SegmentedProgressBar.swift */; };
		B0192D4C24C1AA4C0021DD4D /* Profile.storyboard in Resources */ = {isa = PBXBuildFile; fileRef = B0192D4924C1AA4C0021DD4D /* Profile.storyboard */; };
		B0192D4D24C1AA4C0021DD4D /* MainProfileViewController.swift in Sources */ = {isa = PBXBuildFile; fileRef = B0192D4A24C1AA4C0021DD4D /* MainProfileViewController.swift */; };
		B0192D4E24C1AA4C0021DD4D /* TestProfileViewController.swift in Sources */ = {isa = PBXBuildFile; fileRef = B0192D4B24C1AA4C0021DD4D /* TestProfileViewController.swift */; };
		B0AECC7224BF27F80012EABD /* MenuTableViewCell.swift in Sources */ = {isa = PBXBuildFile; fileRef = B0AECC6A24BF27F80012EABD /* MenuTableViewCell.swift */; };
		B0AECC7424BF27F80012EABD /* MenuAPI.swift in Sources */ = {isa = PBXBuildFile; fileRef = B0AECC6C24BF27F80012EABD /* MenuAPI.swift */; };
		B0AECC7524BF27F80012EABD /* Menu.swift in Sources */ = {isa = PBXBuildFile; fileRef = B0AECC6D24BF27F80012EABD /* Menu.swift */; };
		B0DE679124BF691900E70EB9 /* ToDoList.storyboard in Resources */ = {isa = PBXBuildFile; fileRef = B0DE678C24BF691800E70EB9 /* ToDoList.storyboard */; };
		B0DE679224BF691900E70EB9 /* ToDoListViewController.swift in Sources */ = {isa = PBXBuildFile; fileRef = B0DE678D24BF691900E70EB9 /* ToDoListViewController.swift */; };
		B0DE679324BF691900E70EB9 /* ToDoListItem.swift in Sources */ = {isa = PBXBuildFile; fileRef = B0DE678E24BF691900E70EB9 /* ToDoListItem.swift */; };
		B0DE679424BF691900E70EB9 /* ItemDetailViewController.swift in Sources */ = {isa = PBXBuildFile; fileRef = B0DE678F24BF691900E70EB9 /* ItemDetailViewController.swift */; };
/* End PBXBuildFile section */

/* Begin PBXFileReference section */
		A149BBB324B6055800079E9E /* Costs.storyboard */ = {isa = PBXFileReference; lastKnownFileType = file.storyboard; path = Costs.storyboard; sourceTree = "<group>"; };
		A149BBB524B6058100079E9E /* TestCostsViewController.swift */ = {isa = PBXFileReference; lastKnownFileType = sourcecode.swift; path = TestCostsViewController.swift; sourceTree = "<group>"; };
		A170EB7C24B5E0460010CDDD /* PathWay.app */ = {isa = PBXFileReference; explicitFileType = wrapper.application; includeInIndex = 0; path = PathWay.app; sourceTree = BUILT_PRODUCTS_DIR; };
		A170EB7F24B5E0460010CDDD /* AppDelegate.swift */ = {isa = PBXFileReference; lastKnownFileType = sourcecode.swift; path = AppDelegate.swift; sourceTree = "<group>"; };
		A170EB8124B5E0460010CDDD /* SceneDelegate.swift */ = {isa = PBXFileReference; lastKnownFileType = sourcecode.swift; path = SceneDelegate.swift; sourceTree = "<group>"; };
		A170EB8824B5E0470010CDDD /* Assets.xcassets */ = {isa = PBXFileReference; lastKnownFileType = folder.assetcatalog; path = Assets.xcassets; sourceTree = "<group>"; };
		A170EB8B24B5E0470010CDDD /* Base */ = {isa = PBXFileReference; lastKnownFileType = file.storyboard; name = Base; path = Base.lproj/LaunchScreen.storyboard; sourceTree = "<group>"; };
		A170EB8D24B5E0470010CDDD /* Info.plist */ = {isa = PBXFileReference; lastKnownFileType = text.plist.xml; path = Info.plist; sourceTree = "<group>"; };
		A1D4D6B224B729E400BB5CEE /* CostTableViewCell.swift */ = {isa = PBXFileReference; lastKnownFileType = sourcecode.swift; path = CostTableViewCell.swift; sourceTree = "<group>"; };
		A1F6DBF224BEF3A00071AC99 /* Main.storyboard */ = {isa = PBXFileReference; lastKnownFileType = file.storyboard; path = Main.storyboard; sourceTree = "<group>"; };
		B0192D3824C186F70021DD4D /* Story.storyboard */ = {isa = PBXFileReference; fileEncoding = 4; lastKnownFileType = file.storyboard; path = Story.storyboard; sourceTree = "<group>"; };
		B0192D3A24C186F70021DD4D /* HomeViewController.swift */ = {isa = PBXFileReference; fileEncoding = 4; lastKnownFileType = sourcecode.swift; path = HomeViewController.swift; sourceTree = "<group>"; };
		B0192D3B24C186F70021DD4D /* StoryCollectionViewCell.swift */ = {isa = PBXFileReference; fileEncoding = 4; lastKnownFileType = sourcecode.swift; path = StoryCollectionViewCell.swift; sourceTree = "<group>"; };
		B0192D3C24C186F70021DD4D /* PreViewController.swift */ = {isa = PBXFileReference; fileEncoding = 4; lastKnownFileType = sourcecode.swift; path = PreViewController.swift; sourceTree = "<group>"; };
		B0192D3D24C186F70021DD4D /* StoryDetailsData.swift */ = {isa = PBXFileReference; fileEncoding = 4; lastKnownFileType = sourcecode.swift; path = StoryDetailsData.swift; sourceTree = "<group>"; };
		B0192D3E24C186F70021DD4D /* ContentViewController.swift */ = {isa = PBXFileReference; fileEncoding = 4; lastKnownFileType = sourcecode.swift; path = ContentViewController.swift; sourceTree = "<group>"; };
		B0192D3F24C186F70021DD4D /* SegmentedProgressBar.swift */ = {isa = PBXFileReference; fileEncoding = 4; lastKnownFileType = sourcecode.swift; path = SegmentedProgressBar.swift; sourceTree = "<group>"; };
		B0192D4924C1AA4C0021DD4D /* Profile.storyboard */ = {isa = PBXFileReference; fileEncoding = 4; lastKnownFileType = file.storyboard; path = Profile.storyboard; sourceTree = "<group>"; };
		B0192D4A24C1AA4C0021DD4D /* MainProfileViewController.swift */ = {isa = PBXFileReference; fileEncoding = 4; lastKnownFileType = sourcecode.swift; path = MainProfileViewController.swift; sourceTree = "<group>"; };
		B0192D4B24C1AA4C0021DD4D /* TestProfileViewController.swift */ = {isa = PBXFileReference; fileEncoding = 4; lastKnownFileType = sourcecode.swift; path = TestProfileViewController.swift; sourceTree = "<group>"; };
		B0AECC6A24BF27F80012EABD /* MenuTableViewCell.swift */ = {isa = PBXFileReference; fileEncoding = 4; lastKnownFileType = sourcecode.swift; path = MenuTableViewCell.swift; sourceTree = "<group>"; };
		B0AECC6C24BF27F80012EABD /* MenuAPI.swift */ = {isa = PBXFileReference; fileEncoding = 4; lastKnownFileType = sourcecode.swift; path = MenuAPI.swift; sourceTree = "<group>"; };
		B0AECC6D24BF27F80012EABD /* Menu.swift */ = {isa = PBXFileReference; fileEncoding = 4; lastKnownFileType = sourcecode.swift; path = Menu.swift; sourceTree = "<group>"; };
		B0DE678C24BF691800E70EB9 /* ToDoList.storyboard */ = {isa = PBXFileReference; fileEncoding = 4; lastKnownFileType = file.storyboard; path = ToDoList.storyboard; sourceTree = "<group>"; };
		B0DE678D24BF691900E70EB9 /* ToDoListViewController.swift */ = {isa = PBXFileReference; fileEncoding = 4; lastKnownFileType = sourcecode.swift; path = ToDoListViewController.swift; sourceTree = "<group>"; };
		B0DE678E24BF691900E70EB9 /* ToDoListItem.swift */ = {isa = PBXFileReference; fileEncoding = 4; lastKnownFileType = sourcecode.swift; path = ToDoListItem.swift; sourceTree = "<group>"; };
		B0DE678F24BF691900E70EB9 /* ItemDetailViewController.swift */ = {isa = PBXFileReference; fileEncoding = 4; lastKnownFileType = sourcecode.swift; path = ItemDetailViewController.swift; sourceTree = "<group>"; };
/* End PBXFileReference section */

/* Begin PBXFrameworksBuildPhase section */
		A170EB7924B5E0460010CDDD /* Frameworks */ = {
			isa = PBXFrameworksBuildPhase;
			buildActionMask = 2147483647;
			files = (
			);
			runOnlyForDeploymentPostprocessing = 0;
		};
/* End PBXFrameworksBuildPhase section */

/* Begin PBXGroup section */
		A149BBAD24B6050D00079E9E /* HomeStoryboard */ = {
			isa = PBXGroup;
			children = (
				B0192D3D24C186F70021DD4D /* StoryDetailsData.swift */,
				B0192D3E24C186F70021DD4D /* ContentViewController.swift */,
				B0192D3C24C186F70021DD4D /* PreViewController.swift */,
				B0192D3F24C186F70021DD4D /* SegmentedProgressBar.swift */,
				B0192D3B24C186F70021DD4D /* StoryCollectionViewCell.swift */,
				B0192D3A24C186F70021DD4D /* HomeViewController.swift */,
				B0AECC6A24BF27F80012EABD /* MenuTableViewCell.swift */,
				B0AECC6C24BF27F80012EABD /* MenuAPI.swift */,
				B0AECC6D24BF27F80012EABD /* Menu.swift */,
			);
			path = HomeStoryboard;
			sourceTree = "<group>";
		};
		A149BBB224B6053600079E9E /* CostsStoryboard */ = {
			isa = PBXGroup;
			children = (
				A149BBB324B6055800079E9E /* Costs.storyboard */,
				A149BBB524B6058100079E9E /* TestCostsViewController.swift */,
				A1D4D6B224B729E400BB5CEE /* CostTableViewCell.swift */,
			);
			path = CostsStoryboard;
			sourceTree = "<group>";
		};
		A170EB7324B5E0460010CDDD = {
			isa = PBXGroup;
			children = (
				A170EB7E24B5E0460010CDDD /* PathWay */,
				A170EB7D24B5E0460010CDDD /* Products */,
			);
			sourceTree = "<group>";
		};
		A170EB7D24B5E0460010CDDD /* Products */ = {
			isa = PBXGroup;
			children = (
				A170EB7C24B5E0460010CDDD /* PathWay.app */,
			);
			name = Products;
			sourceTree = "<group>";
		};
		A170EB7E24B5E0460010CDDD /* PathWay */ = {
			isa = PBXGroup;
			children = (
				B0192D4824C1AA4C0021DD4D /* ProfileStoryboard */,
				B0DE678A24BF670D00E70EB9 /* ToDoListStoryboard */,
				A149BBB224B6053600079E9E /* CostsStoryboard */,
				A149BBAD24B6050D00079E9E /* HomeStoryboard */,
				A170EB7F24B5E0460010CDDD /* AppDelegate.swift */,
				A1F6DBF224BEF3A00071AC99 /* Main.storyboard */,
				A170EB8124B5E0460010CDDD /* SceneDelegate.swift */,
				A170EB8824B5E0470010CDDD /* Assets.xcassets */,
				A170EB8A24B5E0470010CDDD /* LaunchScreen.storyboard */,
				A170EB8D24B5E0470010CDDD /* Info.plist */,
			);
			path = PathWay;
			sourceTree = "<group>";
		};
		B0192D4824C1AA4C0021DD4D /* ProfileStoryboard */ = {
			isa = PBXGroup;
			children = (
				B0192D4924C1AA4C0021DD4D /* Profile.storyboard */,
				B0192D4A24C1AA4C0021DD4D /* MainProfileViewController.swift */,
				B0192D4B24C1AA4C0021DD4D /* TestProfileViewController.swift */,
				B0192D3824C186F70021DD4D /* Story.storyboard */,
			);
			path = ProfileStoryboard;
			sourceTree = "<group>";
		};
		B0DE678A24BF670D00E70EB9 /* ToDoListStoryboard */ = {
			isa = PBXGroup;
			children = (
				B0DE678E24BF691900E70EB9 /* ToDoListItem.swift */,
				B0DE678D24BF691900E70EB9 /* ToDoListViewController.swift */,
				B0DE678F24BF691900E70EB9 /* ItemDetailViewController.swift */,
				B0DE678C24BF691800E70EB9 /* ToDoList.storyboard */,
			);
			path = ToDoListStoryboard;
			sourceTree = "<group>";
		};
/* End PBXGroup section */

/* Begin PBXNativeTarget section */
		A170EB7B24B5E0460010CDDD /* PathWay */ = {
			isa = PBXNativeTarget;
			buildConfigurationList = A170EB9024B5E0470010CDDD /* Build configuration list for PBXNativeTarget "PathWay" */;
			buildPhases = (
				A170EB7824B5E0460010CDDD /* Sources */,
				A170EB7924B5E0460010CDDD /* Frameworks */,
				A170EB7A24B5E0460010CDDD /* Resources */,
			);
			buildRules = (
			);
			dependencies = (
			);
			name = PathWay;
			productName = PathWay;
			productReference = A170EB7C24B5E0460010CDDD /* PathWay.app */;
			productType = "com.apple.product-type.application";
		};
/* End PBXNativeTarget section */

/* Begin PBXProject section */
		A170EB7424B5E0460010CDDD /* Project object */ = {
			isa = PBXProject;
			attributes = {
				LastSwiftUpdateCheck = 1150;
				LastUpgradeCheck = 1150;
				ORGANIZATIONNAME = Montypass;
				TargetAttributes = {
					A170EB7B24B5E0460010CDDD = {
						CreatedOnToolsVersion = 11.5;
						ProvisioningStyle = Automatic;
					};
				};
			};
			buildConfigurationList = A170EB7724B5E0460010CDDD /* Build configuration list for PBXProject "PathWay" */;
			compatibilityVersion = "Xcode 8.0";
			developmentRegion = en;
			hasScannedForEncodings = 0;
			knownRegions = (
				en,
				Base,
			);
			mainGroup = A170EB7324B5E0460010CDDD;
			productRefGroup = A170EB7D24B5E0460010CDDD /* Products */;
			projectDirPath = "";
			projectRoot = "";
			targets = (
				A170EB7B24B5E0460010CDDD /* PathWay */,
			);
		};
/* End PBXProject section */

/* Begin PBXResourcesBuildPhase section */
		A170EB7A24B5E0460010CDDD /* Resources */ = {
			isa = PBXResourcesBuildPhase;
			buildActionMask = 2147483647;
			files = (
				B0DE679124BF691900E70EB9 /* ToDoList.storyboard in Resources */,
				A1F6DBF324BEF3A00071AC99 /* Main.storyboard in Resources */,
				A170EB8C24B5E0470010CDDD /* LaunchScreen.storyboard in Resources */,
				B0192D4024C186F70021DD4D /* Story.storyboard in Resources */,
				A149BBB424B6055800079E9E /* Costs.storyboard in Resources */,
				B0192D4C24C1AA4C0021DD4D /* Profile.storyboard in Resources */,
				A170EB8924B5E0470010CDDD /* Assets.xcassets in Resources */,
			);
			runOnlyForDeploymentPostprocessing = 0;
		};
/* End PBXResourcesBuildPhase section */

/* Begin PBXSourcesBuildPhase section */
		A170EB7824B5E0460010CDDD /* Sources */ = {
			isa = PBXSourcesBuildPhase;
			buildActionMask = 2147483647;
			files = (
				B0192D4224C186F70021DD4D /* HomeViewController.swift in Sources */,
				B0192D4624C186F70021DD4D /* ContentViewController.swift in Sources */,
				B0DE679224BF691900E70EB9 /* ToDoListViewController.swift in Sources */,
				B0192D4524C186F70021DD4D /* StoryDetailsData.swift in Sources */,
				B0AECC7224BF27F80012EABD /* MenuTableViewCell.swift in Sources */,
				B0AECC7424BF27F80012EABD /* MenuAPI.swift in Sources */,
				A149BBB624B6058100079E9E /* TestCostsViewController.swift in Sources */,
				A1D4D6B324B729E400BB5CEE /* CostTableViewCell.swift in Sources */,
				B0192D4724C186F70021DD4D /* SegmentedProgressBar.swift in Sources */,
				B0192D4324C186F70021DD4D /* StoryCollectionViewCell.swift in Sources */,
				B0192D4E24C1AA4C0021DD4D /* TestProfileViewController.swift in Sources */,
				B0192D4424C186F70021DD4D /* PreViewController.swift in Sources */,
				B0AECC7524BF27F80012EABD /* Menu.swift in Sources */,
				A170EB8024B5E0460010CDDD /* AppDelegate.swift in Sources */,
				B0192D4D24C1AA4C0021DD4D /* MainProfileViewController.swift in Sources */,
				A170EB8224B5E0460010CDDD /* SceneDelegate.swift in Sources */,
				B0DE679424BF691900E70EB9 /* ItemDetailViewController.swift in Sources */,
				B0DE679324BF691900E70EB9 /* ToDoListItem.swift in Sources */,
			);
			runOnlyForDeploymentPostprocessing = 0;
		};
/* End PBXSourcesBuildPhase section */

/* Begin PBXVariantGroup section */
		A170EB8A24B5E0470010CDDD /* LaunchScreen.storyboard */ = {
			isa = PBXVariantGroup;
			children = (
				A170EB8B24B5E0470010CDDD /* Base */,
			);
			name = LaunchScreen.storyboard;
			sourceTree = "<group>";
		};
/* End PBXVariantGroup section */

/* Begin XCBuildConfiguration section */
		A170EB8E24B5E0470010CDDD /* Debug */ = {
			isa = XCBuildConfiguration;
			buildSettings = {
				ALWAYS_SEARCH_USER_PATHS = NO;
				CLANG_ANALYZER_NONNULL = YES;
				CLANG_ANALYZER_NUMBER_OBJECT_CONVERSION = YES_AGGRESSIVE;
				CLANG_CXX_LANGUAGE_STANDARD = "gnu++14";
				CLANG_CXX_LIBRARY = "libc++";
				CLANG_ENABLE_MODULES = YES;
				CLANG_ENABLE_OBJC_ARC = YES;
				CLANG_ENABLE_OBJC_WEAK = YES;
				CLANG_WARN_BLOCK_CAPTURE_AUTORELEASING = YES;
				CLANG_WARN_BOOL_CONVERSION = YES;
				CLANG_WARN_COMMA = YES;
				CLANG_WARN_CONSTANT_CONVERSION = YES;
				CLANG_WARN_DEPRECATED_OBJC_IMPLEMENTATIONS = YES;
				CLANG_WARN_DIRECT_OBJC_ISA_USAGE = YES_ERROR;
				CLANG_WARN_DOCUMENTATION_COMMENTS = YES;
				CLANG_WARN_EMPTY_BODY = YES;
				CLANG_WARN_ENUM_CONVERSION = YES;
				CLANG_WARN_INFINITE_RECURSION = YES;
				CLANG_WARN_INT_CONVERSION = YES;
				CLANG_WARN_NON_LITERAL_NULL_CONVERSION = YES;
				CLANG_WARN_OBJC_IMPLICIT_RETAIN_SELF = YES;
				CLANG_WARN_OBJC_LITERAL_CONVERSION = YES;
				CLANG_WARN_OBJC_ROOT_CLASS = YES_ERROR;
				CLANG_WARN_RANGE_LOOP_ANALYSIS = YES;
				CLANG_WARN_STRICT_PROTOTYPES = YES;
				CLANG_WARN_SUSPICIOUS_MOVE = YES;
				CLANG_WARN_UNGUARDED_AVAILABILITY = YES_AGGRESSIVE;
				CLANG_WARN_UNREACHABLE_CODE = YES;
				CLANG_WARN__DUPLICATE_METHOD_MATCH = YES;
				COPY_PHASE_STRIP = NO;
				DEBUG_INFORMATION_FORMAT = dwarf;
				ENABLE_STRICT_OBJC_MSGSEND = YES;
				ENABLE_TESTABILITY = YES;
				GCC_C_LANGUAGE_STANDARD = gnu11;
				GCC_DYNAMIC_NO_PIC = NO;
				GCC_NO_COMMON_BLOCKS = YES;
				GCC_OPTIMIZATION_LEVEL = 0;
				GCC_PREPROCESSOR_DEFINITIONS = (
					"DEBUG=1",
					"$(inherited)",
				);
				GCC_WARN_64_TO_32_BIT_CONVERSION = YES;
				GCC_WARN_ABOUT_RETURN_TYPE = YES_ERROR;
				GCC_WARN_UNDECLARED_SELECTOR = YES;
				GCC_WARN_UNINITIALIZED_AUTOS = YES_AGGRESSIVE;
				GCC_WARN_UNUSED_FUNCTION = YES;
				GCC_WARN_UNUSED_VARIABLE = YES;
				IPHONEOS_DEPLOYMENT_TARGET = 13.5;
				MTL_ENABLE_DEBUG_INFO = INCLUDE_SOURCE;
				MTL_FAST_MATH = YES;
				ONLY_ACTIVE_ARCH = YES;
				SDKROOT = iphoneos;
				SWIFT_ACTIVE_COMPILATION_CONDITIONS = DEBUG;
				SWIFT_OPTIMIZATION_LEVEL = "-Onone";
			};
			name = Debug;
		};
		A170EB8F24B5E0470010CDDD /* Release */ = {
			isa = XCBuildConfiguration;
			buildSettings = {
				ALWAYS_SEARCH_USER_PATHS = NO;
				CLANG_ANALYZER_NONNULL = YES;
				CLANG_ANALYZER_NUMBER_OBJECT_CONVERSION = YES_AGGRESSIVE;
				CLANG_CXX_LANGUAGE_STANDARD = "gnu++14";
				CLANG_CXX_LIBRARY = "libc++";
				CLANG_ENABLE_MODULES = YES;
				CLANG_ENABLE_OBJC_ARC = YES;
				CLANG_ENABLE_OBJC_WEAK = YES;
				CLANG_WARN_BLOCK_CAPTURE_AUTORELEASING = YES;
				CLANG_WARN_BOOL_CONVERSION = YES;
				CLANG_WARN_COMMA = YES;
				CLANG_WARN_CONSTANT_CONVERSION = YES;
				CLANG_WARN_DEPRECATED_OBJC_IMPLEMENTATIONS = YES;
				CLANG_WARN_DIRECT_OBJC_ISA_USAGE = YES_ERROR;
				CLANG_WARN_DOCUMENTATION_COMMENTS = YES;
				CLANG_WARN_EMPTY_BODY = YES;
				CLANG_WARN_ENUM_CONVERSION = YES;
				CLANG_WARN_INFINITE_RECURSION = YES;
				CLANG_WARN_INT_CONVERSION = YES;
				CLANG_WARN_NON_LITERAL_NULL_CONVERSION = YES;
				CLANG_WARN_OBJC_IMPLICIT_RETAIN_SELF = YES;
				CLANG_WARN_OBJC_LITERAL_CONVERSION = YES;
				CLANG_WARN_OBJC_ROOT_CLASS = YES_ERROR;
				CLANG_WARN_RANGE_LOOP_ANALYSIS = YES;
				CLANG_WARN_STRICT_PROTOTYPES = YES;
				CLANG_WARN_SUSPICIOUS_MOVE = YES;
				CLANG_WARN_UNGUARDED_AVAILABILITY = YES_AGGRESSIVE;
				CLANG_WARN_UNREACHABLE_CODE = YES;
				CLANG_WARN__DUPLICATE_METHOD_MATCH = YES;
				COPY_PHASE_STRIP = NO;
				DEBUG_INFORMATION_FORMAT = "dwarf-with-dsym";
				ENABLE_NS_ASSERTIONS = NO;
				ENABLE_STRICT_OBJC_MSGSEND = YES;
				GCC_C_LANGUAGE_STANDARD = gnu11;
				GCC_NO_COMMON_BLOCKS = YES;
				GCC_WARN_64_TO_32_BIT_CONVERSION = YES;
				GCC_WARN_ABOUT_RETURN_TYPE = YES_ERROR;
				GCC_WARN_UNDECLARED_SELECTOR = YES;
				GCC_WARN_UNINITIALIZED_AUTOS = YES_AGGRESSIVE;
				GCC_WARN_UNUSED_FUNCTION = YES;
				GCC_WARN_UNUSED_VARIABLE = YES;
				IPHONEOS_DEPLOYMENT_TARGET = 13.5;
				MTL_ENABLE_DEBUG_INFO = NO;
				MTL_FAST_MATH = YES;
				SDKROOT = iphoneos;
				SWIFT_OPTIMIZATION_LEVEL = "-Owholemodule";
				VALIDATE_PRODUCT = YES;
			};
			name = Release;
		};
		A170EB9124B5E0470010CDDD /* Debug */ = {
			isa = XCBuildConfiguration;
			buildSettings = {
				ASSETCATALOG_COMPILER_APPICON_NAME = AppIcon;
				CODE_SIGN_STYLE = Automatic;
				DEVELOPMENT_TEAM = "";
				INFOPLIST_FILE = PathWay/Info.plist;
				LD_RUNPATH_SEARCH_PATHS = "$(inherited) @executable_path/Frameworks";
				PRODUCT_BUNDLE_IDENTIFIER = Mo.practicepathway;
				PRODUCT_NAME = "$(TARGET_NAME)";
				SWIFT_VERSION = 5.0;
				TARGETED_DEVICE_FAMILY = 1;
			};
			name = Debug;
		};
		A170EB9224B5E0470010CDDD /* Release */ = {
			isa = XCBuildConfiguration;
			buildSettings = {
				ASSETCATALOG_COMPILER_APPICON_NAME = AppIcon;
				CODE_SIGN_STYLE = Automatic;
				DEVELOPMENT_TEAM = "";
				INFOPLIST_FILE = PathWay/Info.plist;
				LD_RUNPATH_SEARCH_PATHS = "$(inherited) @executable_path/Frameworks";
				PRODUCT_BUNDLE_IDENTIFIER = Mo.practicepathway;
				PRODUCT_NAME = "$(TARGET_NAME)";
				SWIFT_VERSION = 5.0;
				TARGETED_DEVICE_FAMILY = 1;
			};
			name = Release;
		};
/* End XCBuildConfiguration section */

/* Begin XCConfigurationList section */
		A170EB7724B5E0460010CDDD /* Build configuration list for PBXProject "PathWay" */ = {
			isa = XCConfigurationList;
			buildConfigurations = (
				A170EB8E24B5E0470010CDDD /* Debug */,
				A170EB8F24B5E0470010CDDD /* Release */,
			);
			defaultConfigurationIsVisible = 0;
			defaultConfigurationName = Release;
		};
		A170EB9024B5E0470010CDDD /* Build configuration list for PBXNativeTarget "PathWay" */ = {
			isa = XCConfigurationList;
			buildConfigurations = (
				A170EB9124B5E0470010CDDD /* Debug */,
				A170EB9224B5E0470010CDDD /* Release */,
			);
			defaultConfigurationIsVisible = 0;
			defaultConfigurationName = Release;
		};
/* End XCConfigurationList section */
	};
	rootObject = A170EB7424B5E0460010CDDD /* Project object */;
}
